
Microsoft Visual Studio Solution File, Format Version 12.00
# Visual Studio 15
VisualStudioVersion = 15.0.28010.2048
MinimumVisualStudioVersion = 10.0.40219.1
Project("{FAE04EC0-301F-11D3-BF4B-00C04F79EFBC}") = "CherwellCodingChallenge", "CherwellCodingChallenge\CherwellCodingChallenge.csproj", "{11169DC0-4289-4084-8382-540828541577}"
EndProject
Global
	GlobalSection(SolutionConfigurationPlatforms) = preSolution
		Debug|Any CPU = Debug|Any CPU
		Release|Any CPU = Release|Any CPU
	EndGlobalSection
	GlobalSection(ProjectConfigurationPlatforms) = postSolution
		{11169DC0-4289-4084-8382-540828541577}.Debug|Any CPU.ActiveCfg = Debug|Any CPU
		{11169DC0-4289-4084-8382-540828541577}.Debug|Any CPU.Build.0 = Debug|Any CPU
		{11169DC0-4289-4084-8382-540828541577}.Release|Any CPU.ActiveCfg = Release|Any CPU
		{11169DC0-4289-4084-8382-540828541577}.Release|Any CPU.Build.0 = Release|Any CPU
	EndGlobalSection
	GlobalSection(SolutionProperties) = preSolution
		HideSolutionNode = FALSE
	EndGlobalSection
	GlobalSection(ExtensibilityGlobals) = postSolution
		SolutionGuid = {AED3EC4D-9C15-4FCC-9EAF-6223F37B61C4}
	EndGlobalSection
EndGlobal
